// !$*UTF8*$!
{
	archiveVersion = 1;
	classes = {
	};
	objectVersion = 50;
	objects = {

/* Begin PBXBuildFile section */
		890B483F2520AD890037D2F4 /* AppDelegate.swift in Sources */ = {isa = PBXBuildFile; fileRef = 890B483E2520AD890037D2F4 /* AppDelegate.swift */; };
		890B48412520AD890037D2F4 /* SceneDelegate.swift in Sources */ = {isa = PBXBuildFile; fileRef = 890B48402520AD890037D2F4 /* SceneDelegate.swift */; };
		890B48432520AD890037D2F4 /* ContentView.swift in Sources */ = {isa = PBXBuildFile; fileRef = 890B48422520AD890037D2F4 /* ContentView.swift */; };
		890B48452520AD8E0037D2F4 /* Assets.xcassets in Resources */ = {isa = PBXBuildFile; fileRef = 890B48442520AD8E0037D2F4 /* Assets.xcassets */; };
		890B48482520AD8E0037D2F4 /* Preview Assets.xcassets in Resources */ = {isa = PBXBuildFile; fileRef = 890B48472520AD8E0037D2F4 /* Preview Assets.xcassets */; };
		890B484B2520AD8E0037D2F4 /* LaunchScreen.storyboard in Resources */ = {isa = PBXBuildFile; fileRef = 890B48492520AD8E0037D2F4 /* LaunchScreen.storyboard */; };
		890B48562520AD8E0037D2F4 /* dayStreakTests.swift in Sources */ = {isa = PBXBuildFile; fileRef = 890B48552520AD8E0037D2F4 /* dayStreakTests.swift */; };
		890B48612520AD8E0037D2F4 /* dayStreakUITests.swift in Sources */ = {isa = PBXBuildFile; fileRef = 890B48602520AD8E0037D2F4 /* dayStreakUITests.swift */; };
/* End PBXBuildFile section */

/* Begin PBXContainerItemProxy section */
		890B48522520AD8E0037D2F4 /* PBXContainerItemProxy */ = {
			isa = PBXContainerItemProxy;
			containerPortal = 890B48332520AD890037D2F4 /* Project object */;
			proxyType = 1;
			remoteGlobalIDString = 890B483A2520AD890037D2F4;
			remoteInfo = dayStreak;
		};
		890B485D2520AD8E0037D2F4 /* PBXContainerItemProxy */ = {
			isa = PBXContainerItemProxy;
			containerPortal = 890B48332520AD890037D2F4 /* Project object */;
			proxyType = 1;
			remoteGlobalIDString = 890B483A2520AD890037D2F4;
			remoteInfo = dayStreak;
		};
/* End PBXContainerItemProxy section */

/* Begin PBXFileReference section */
		890B483B2520AD890037D2F4 /* dayStreak.app */ = {isa = PBXFileReference; explicitFileType = wrapper.application; includeInIndex = 0; path = dayStreak.app; sourceTree = BUILT_PRODUCTS_DIR; };
		890B483E2520AD890037D2F4 /* AppDelegate.swift */ = {isa = PBXFileReference; lastKnownFileType = sourcecode.swift; path = AppDelegate.swift; sourceTree = "<group>"; };
		890B48402520AD890037D2F4 /* SceneDelegate.swift */ = {isa = PBXFileReference; lastKnownFileType = sourcecode.swift; path = SceneDelegate.swift; sourceTree = "<group>"; };
		890B48422520AD890037D2F4 /* ContentView.swift */ = {isa = PBXFileReference; lastKnownFileType = sourcecode.swift; path = ContentView.swift; sourceTree = "<group>"; };
		890B48442520AD8E0037D2F4 /* Assets.xcassets */ = {isa = PBXFileReference; lastKnownFileType = folder.assetcatalog; path = Assets.xcassets; sourceTree = "<group>"; };
		890B48472520AD8E0037D2F4 /* Preview Assets.xcassets */ = {isa = PBXFileReference; lastKnownFileType = folder.assetcatalog; path = "Preview Assets.xcassets"; sourceTree = "<group>"; };
		890B484A2520AD8E0037D2F4 /* Base */ = {isa = PBXFileReference; lastKnownFileType = file.storyboard; name = Base; path = Base.lproj/LaunchScreen.storyboard; sourceTree = "<group>"; };
		890B484C2520AD8E0037D2F4 /* Info.plist */ = {isa = PBXFileReference; lastKnownFileType = text.plist.xml; path = Info.plist; sourceTree = "<group>"; };
		890B48512520AD8E0037D2F4 /* dayStreakTests.xctest */ = {isa = PBXFileReference; explicitFileType = wrapper.cfbundle; includeInIndex = 0; path = dayStreakTests.xctest; sourceTree = BUILT_PRODUCTS_DIR; };
		890B48552520AD8E0037D2F4 /* dayStreakTests.swift */ = {isa = PBXFileReference; lastKnownFileType = sourcecode.swift; path = dayStreakTests.swift; sourceTree = "<group>"; };
		890B48572520AD8E0037D2F4 /* Info.plist */ = {isa = PBXFileReference; lastKnownFileType = text.plist.xml; path = Info.plist; sourceTree = "<group>"; };
		890B485C2520AD8E0037D2F4 /* dayStreakUITests.xctest */ = {isa = PBXFileReference; explicitFileType = wrapper.cfbundle; includeInIndex = 0; path = dayStreakUITests.xctest; sourceTree = BUILT_PRODUCTS_DIR; };
		890B48602520AD8E0037D2F4 /* dayStreakUITests.swift */ = {isa = PBXFileReference; lastKnownFileType = sourcecode.swift; path = dayStreakUITests.swift; sourceTree = "<group>"; };
		890B48622520AD8E0037D2F4 /* Info.plist */ = {isa = PBXFileReference; lastKnownFileType = text.plist.xml; path = Info.plist; sourceTree = "<group>"; };
/* End PBXFileReference section */

/* Begin PBXFrameworksBuildPhase section */
		890B48382520AD890037D2F4 /* Frameworks */ = {
			isa = PBXFrameworksBuildPhase;
			buildActionMask = 2147483647;
			files = (
			);
			runOnlyForDeploymentPostprocessing = 0;
		};
		890B484E2520AD8E0037D2F4 /* Frameworks */ = {
			isa = PBXFrameworksBuildPhase;
			buildActionMask = 2147483647;
			files = (
			);
			runOnlyForDeploymentPostprocessing = 0;
		};
		890B48592520AD8E0037D2F4 /* Frameworks */ = {
			isa = PBXFrameworksBuildPhase;
			buildActionMask = 2147483647;
			files = (
			);
			runOnlyForDeploymentPostprocessing = 0;
		};
/* End PBXFrameworksBuildPhase section */

/* Begin PBXGroup section */
		890B48322520AD890037D2F4 = {
			isa = PBXGroup;
			children = (
				890B483D2520AD890037D2F4 /* dayStreak */,
				890B48542520AD8E0037D2F4 /* dayStreakTests */,
				890B485F2520AD8E0037D2F4 /* dayStreakUITests */,
				890B483C2520AD890037D2F4 /* Products */,
			);
			sourceTree = "<group>";
		};
		890B483C2520AD890037D2F4 /* Products */ = {
			isa = PBXGroup;
			children = (
				890B483B2520AD890037D2F4 /* dayStreak.app */,
				890B48512520AD8E0037D2F4 /* dayStreakTests.xctest */,
				890B485C2520AD8E0037D2F4 /* dayStreakUITests.xctest */,
			);
			name = Products;
			sourceTree = "<group>";
		};
		890B483D2520AD890037D2F4 /* dayStreak */ = {
			isa = PBXGroup;
			children = (
				890B483E2520AD890037D2F4 /* AppDelegate.swift */,
				890B48402520AD890037D2F4 /* SceneDelegate.swift */,
				890B48422520AD890037D2F4 /* ContentView.swift */,
				890B48442520AD8E0037D2F4 /* Assets.xcassets */,
				890B48492520AD8E0037D2F4 /* LaunchScreen.storyboard */,
				890B484C2520AD8E0037D2F4 /* Info.plist */,
				890B48462520AD8E0037D2F4 /* Preview Content */,
			);
			path = dayStreak;
			sourceTree = "<group>";
		};
		890B48462520AD8E0037D2F4 /* Preview Content */ = {
			isa = PBXGroup;
			children = (
				890B48472520AD8E0037D2F4 /* Preview Assets.xcassets */,
			);
			path = "Preview Content";
			sourceTree = "<group>";
		};
		890B48542520AD8E0037D2F4 /* dayStreakTests */ = {
			isa = PBXGroup;
			children = (
				890B48552520AD8E0037D2F4 /* dayStreakTests.swift */,
				890B48572520AD8E0037D2F4 /* Info.plist */,
			);
			path = dayStreakTests;
			sourceTree = "<group>";
		};
		890B485F2520AD8E0037D2F4 /* dayStreakUITests */ = {
			isa = PBXGroup;
			children = (
				890B48602520AD8E0037D2F4 /* dayStreakUITests.swift */,
				890B48622520AD8E0037D2F4 /* Info.plist */,
			);
			path = dayStreakUITests;
			sourceTree = "<group>";
		};
/* End PBXGroup section */

/* Begin PBXNativeTarget section */
		890B483A2520AD890037D2F4 /* dayStreak */ = {
			isa = PBXNativeTarget;
			buildConfigurationList = 890B48652520AD8E0037D2F4 /* Build configuration list for PBXNativeTarget "dayStreak" */;
			buildPhases = (
				890B48372520AD890037D2F4 /* Sources */,
				890B48382520AD890037D2F4 /* Frameworks */,
				890B48392520AD890037D2F4 /* Resources */,
			);
			buildRules = (
			);
			dependencies = (
			);
			name = dayStreak;
			productName = dayStreak;
			productReference = 890B483B2520AD890037D2F4 /* dayStreak.app */;
			productType = "com.apple.product-type.application";
		};
		890B48502520AD8E0037D2F4 /* dayStreakTests */ = {
			isa = PBXNativeTarget;
			buildConfigurationList = 890B48682520AD8E0037D2F4 /* Build configuration list for PBXNativeTarget "dayStreakTests" */;
			buildPhases = (
				890B484D2520AD8E0037D2F4 /* Sources */,
				890B484E2520AD8E0037D2F4 /* Frameworks */,
				890B484F2520AD8E0037D2F4 /* Resources */,
			);
			buildRules = (
			);
			dependencies = (
				890B48532520AD8E0037D2F4 /* PBXTargetDependency */,
			);
			name = dayStreakTests;
			productName = dayStreakTests;
			productReference = 890B48512520AD8E0037D2F4 /* dayStreakTests.xctest */;
			productType = "com.apple.product-type.bundle.unit-test";
		};
		890B485B2520AD8E0037D2F4 /* dayStreakUITests */ = {
			isa = PBXNativeTarget;
			buildConfigurationList = 890B486B2520AD8E0037D2F4 /* Build configuration list for PBXNativeTarget "dayStreakUITests" */;
			buildPhases = (
				890B48582520AD8E0037D2F4 /* Sources */,
				890B48592520AD8E0037D2F4 /* Frameworks */,
				890B485A2520AD8E0037D2F4 /* Resources */,
			);
			buildRules = (
			);
			dependencies = (
				890B485E2520AD8E0037D2F4 /* PBXTargetDependency */,
			);
			name = dayStreakUITests;
			productName = dayStreakUITests;
			productReference = 890B485C2520AD8E0037D2F4 /* dayStreakUITests.xctest */;
			productType = "com.apple.product-type.bundle.ui-testing";
		};
/* End PBXNativeTarget section */

/* Begin PBXProject section */
		890B48332520AD890037D2F4 /* Project object */ = {
			isa = PBXProject;
			attributes = {
				LastSwiftUpdateCheck = 1150;
				LastUpgradeCheck = 1150;
				ORGANIZATIONNAME = "Serena Drouillard";
				TargetAttributes = {
					890B483A2520AD890037D2F4 = {
						CreatedOnToolsVersion = 11.5;
					};
					890B48502520AD8E0037D2F4 = {
						CreatedOnToolsVersion = 11.5;
						TestTargetID = 890B483A2520AD890037D2F4;
					};
					890B485B2520AD8E0037D2F4 = {
						CreatedOnToolsVersion = 11.5;
						TestTargetID = 890B483A2520AD890037D2F4;
					};
				};
			};
			buildConfigurationList = 890B48362520AD890037D2F4 /* Build configuration list for PBXProject "dayStreak" */;
			compatibilityVersion = "Xcode 9.3";
			developmentRegion = en;
			hasScannedForEncodings = 0;
			knownRegions = (
				en,
				Base,
			);
			mainGroup = 890B48322520AD890037D2F4;
			productRefGroup = 890B483C2520AD890037D2F4 /* Products */;
			projectDirPath = "";
			projectRoot = "";
			targets = (
				890B483A2520AD890037D2F4 /* dayStreak */,
				890B48502520AD8E0037D2F4 /* dayStreakTests */,
				890B485B2520AD8E0037D2F4 /* dayStreakUITests */,
			);
		};
/* End PBXProject section */

/* Begin PBXResourcesBuildPhase section */
		890B48392520AD890037D2F4 /* Resources */ = {
			isa = PBXResourcesBuildPhase;
			buildActionMask = 2147483647;
			files = (
				890B484B2520AD8E0037D2F4 /* LaunchScreen.storyboard in Resources */,
				890B48482520AD8E0037D2F4 /* Preview Assets.xcassets in Resources */,
				890B48452520AD8E0037D2F4 /* Assets.xcassets in Resources */,
			);
			runOnlyForDeploymentPostprocessing = 0;
		};
		890B484F2520AD8E0037D2F4 /* Resources */ = {
			isa = PBXResourcesBuildPhase;
			buildActionMask = 2147483647;
			files = (
			);
			runOnlyForDeploymentPostprocessing = 0;
		};
		890B485A2520AD8E0037D2F4 /* Resources */ = {
			isa = PBXResourcesBuildPhase;
			buildActionMask = 2147483647;
			files = (
			);
			runOnlyForDeploymentPostprocessing = 0;
		};
/* End PBXResourcesBuildPhase section */

/* Begin PBXSourcesBuildPhase section */
		890B48372520AD890037D2F4 /* Sources */ = {
			isa = PBXSourcesBuildPhase;
			buildActionMask = 2147483647;
			files = (
				890B483F2520AD890037D2F4 /* AppDelegate.swift in Sources */,
				890B48412520AD890037D2F4 /* SceneDelegate.swift in Sources */,
				890B48432520AD890037D2F4 /* ContentView.swift in Sources */,
			);
			runOnlyForDeploymentPostprocessing = 0;
		};
		890B484D2520AD8E0037D2F4 /* Sources */ = {
			isa = PBXSourcesBuildPhase;
			buildActionMask = 2147483647;
			files = (
				890B48562520AD8E0037D2F4 /* dayStreakTests.swift in Sources */,
			);
			runOnlyForDeploymentPostprocessing = 0;
		};
		890B48582520AD8E0037D2F4 /* Sources */ = {
			isa = PBXSourcesBuildPhase;
			buildActionMask = 2147483647;
			files = (
				890B48612520AD8E0037D2F4 /* dayStreakUITests.swift in Sources */,
			);
			runOnlyForDeploymentPostprocessing = 0;
		};
/* End PBXSourcesBuildPhase section */

/* Begin PBXTargetDependency section */
		890B48532520AD8E0037D2F4 /* PBXTargetDependency */ = {
			isa = PBXTargetDependency;
			target = 890B483A2520AD890037D2F4 /* dayStreak */;
			targetProxy = 890B48522520AD8E0037D2F4 /* PBXContainerItemProxy */;
		};
		890B485E2520AD8E0037D2F4 /* PBXTargetDependency */ = {
			isa = PBXTargetDependency;
			target = 890B483A2520AD890037D2F4 /* dayStreak */;
			targetProxy = 890B485D2520AD8E0037D2F4 /* PBXContainerItemProxy */;
		};
/* End PBXTargetDependency section */

/* Begin PBXVariantGroup section */
		890B48492520AD8E0037D2F4 /* LaunchScreen.storyboard */ = {
			isa = PBXVariantGroup;
			children = (
				890B484A2520AD8E0037D2F4 /* Base */,
			);
			name = LaunchScreen.storyboard;
			sourceTree = "<group>";
		};
/* End PBXVariantGroup section */

/* Begin XCBuildConfiguration section */
		890B48632520AD8E0037D2F4 /* Debug */ = {
			isa = XCBuildConfiguration;
			buildSettings = {
				ALWAYS_SEARCH_USER_PATHS = NO;
				CLANG_ANALYZER_NONNULL = YES;
				CLANG_ANALYZER_NUMBER_OBJECT_CONVERSION = YES_AGGRESSIVE;
				CLANG_CXX_LANGUAGE_STANDARD = "gnu++14";
				CLANG_CXX_LIBRARY = "libc++";
				CLANG_ENABLE_MODULES = YES;
				CLANG_ENABLE_OBJC_ARC = YES;
				CLANG_ENABLE_OBJC_WEAK = YES;
				CLANG_WARN_BLOCK_CAPTURE_AUTORELEASING = YES;
				CLANG_WARN_BOOL_CONVERSION = YES;
				CLANG_WARN_COMMA = YES;
				CLANG_WARN_CONSTANT_CONVERSION = YES;
				CLANG_WARN_DEPRECATED_OBJC_IMPLEMENTATIONS = YES;
				CLANG_WARN_DIRECT_OBJC_ISA_USAGE = YES_ERROR;
				CLANG_WARN_DOCUMENTATION_COMMENTS = YES;
				CLANG_WARN_EMPTY_BODY = YES;
				CLANG_WARN_ENUM_CONVERSION = YES;
				CLANG_WARN_INFINITE_RECURSION = YES;
				CLANG_WARN_INT_CONVERSION = YES;
				CLANG_WARN_NON_LITERAL_NULL_CONVERSION = YES;
				CLANG_WARN_OBJC_IMPLICIT_RETAIN_SELF = YES;
				CLANG_WARN_OBJC_LITERAL_CONVERSION = YES;
				CLANG_WARN_OBJC_ROOT_CLASS = YES_ERROR;
				CLANG_WARN_RANGE_LOOP_ANALYSIS = YES;
				CLANG_WARN_STRICT_PROTOTYPES = YES;
				CLANG_WARN_SUSPICIOUS_MOVE = YES;
				CLANG_WARN_UNGUARDED_AVAILABILITY = YES_AGGRESSIVE;
				CLANG_WARN_UNREACHABLE_CODE = YES;
				CLANG_WARN__DUPLICATE_METHOD_MATCH = YES;
				COPY_PHASE_STRIP = NO;
				DEBUG_INFORMATION_FORMAT = dwarf;
				ENABLE_STRICT_OBJC_MSGSEND = YES;
				ENABLE_TESTABILITY = YES;
				GCC_C_LANGUAGE_STANDARD = gnu11;
				GCC_DYNAMIC_NO_PIC = NO;
				GCC_NO_COMMON_BLOCKS = YES;
				GCC_OPTIMIZATION_LEVEL = 0;
				GCC_PREPROCESSOR_DEFINITIONS = (
					"DEBUG=1",
					"$(inherited)",
				);
				GCC_WARN_64_TO_32_BIT_CONVERSION = YES;
				GCC_WARN_ABOUT_RETURN_TYPE = YES_ERROR;
				GCC_WARN_UNDECLARED_SELECTOR = YES;
				GCC_WARN_UNINITIALIZED_AUTOS = YES_AGGRESSIVE;
				GCC_WARN_UNUSED_FUNCTION = YES;
				GCC_WARN_UNUSED_VARIABLE = YES;
				IPHONEOS_DEPLOYMENT_TARGET = 13.5;
				MTL_ENABLE_DEBUG_INFO = INCLUDE_SOURCE;
				MTL_FAST_MATH = YES;
				ONLY_ACTIVE_ARCH = YES;
				SDKROOT = iphoneos;
				SWIFT_ACTIVE_COMPILATION_CONDITIONS = DEBUG;
				SWIFT_OPTIMIZATION_LEVEL = "-Onone";
			};
			name = Debug;
		};
		890B48642520AD8E0037D2F4 /* Release */ = {
			isa = XCBuildConfiguration;
			buildSettings = {
				ALWAYS_SEARCH_USER_PATHS = NO;
				CLANG_ANALYZER_NONNULL = YES;
				CLANG_ANALYZER_NUMBER_OBJECT_CONVERSION = YES_AGGRESSIVE;
				CLANG_CXX_LANGUAGE_STANDARD = "gnu++14";
				CLANG_CXX_LIBRARY = "libc++";
				CLANG_ENABLE_MODULES = YES;
				CLANG_ENABLE_OBJC_ARC = YES;
				CLANG_ENABLE_OBJC_WEAK = YES;
				CLANG_WARN_BLOCK_CAPTURE_AUTORELEASING = YES;
				CLANG_WARN_BOOL_CONVERSION = YES;
				CLANG_WARN_COMMA = YES;
				CLANG_WARN_CONSTANT_CONVERSION = YES;
				CLANG_WARN_DEPRECATED_OBJC_IMPLEMENTATIONS = YES;
				CLANG_WARN_DIRECT_OBJC_ISA_USAGE = YES_ERROR;
				CLANG_WARN_DOCUMENTATION_COMMENTS = YES;
				CLANG_WARN_EMPTY_BODY = YES;
				CLANG_WARN_ENUM_CONVERSION = YES;
				CLANG_WARN_INFINITE_RECURSION = YES;
				CLANG_WARN_INT_CONVERSION = YES;
				CLANG_WARN_NON_LITERAL_NULL_CONVERSION = YES;
				CLANG_WARN_OBJC_IMPLICIT_RETAIN_SELF = YES;
				CLANG_WARN_OBJC_LITERAL_CONVERSION = YES;
				CLANG_WARN_OBJC_ROOT_CLASS = YES_ERROR;
				CLANG_WARN_RANGE_LOOP_ANALYSIS = YES;
				CLANG_WARN_STRICT_PROTOTYPES = YES;
				CLANG_WARN_SUSPICIOUS_MOVE = YES;
				CLANG_WARN_UNGUARDED_AVAILABILITY = YES_AGGRESSIVE;
				CLANG_WARN_UNREACHABLE_CODE = YES;
				CLANG_WARN__DUPLICATE_METHOD_MATCH = YES;
				COPY_PHASE_STRIP = NO;
				DEBUG_INFORMATION_FORMAT = "dwarf-with-dsym";
				ENABLE_NS_ASSERTIONS = NO;
				ENABLE_STRICT_OBJC_MSGSEND = YES;
				GCC_C_LANGUAGE_STANDARD = gnu11;
				GCC_NO_COMMON_BLOCKS = YES;
				GCC_WARN_64_TO_32_BIT_CONVERSION = YES;
				GCC_WARN_ABOUT_RETURN_TYPE = YES_ERROR;
				GCC_WARN_UNDECLARED_SELECTOR = YES;
				GCC_WARN_UNINITIALIZED_AUTOS = YES_AGGRESSIVE;
				GCC_WARN_UNUSED_FUNCTION = YES;
				GCC_WARN_UNUSED_VARIABLE = YES;
				IPHONEOS_DEPLOYMENT_TARGET = 13.5;
				MTL_ENABLE_DEBUG_INFO = NO;
				MTL_FAST_MATH = YES;
				SDKROOT = iphoneos;
				SWIFT_COMPILATION_MODE = wholemodule;
				SWIFT_OPTIMIZATION_LEVEL = "-O";
				VALIDATE_PRODUCT = YES;
			};
			name = Release;
		};
		890B48662520AD8E0037D2F4 /* Debug */ = {
			isa = XCBuildConfiguration;
			buildSettings = {
				ASSETCATALOG_COMPILER_APPICON_NAME = AppIcon;
				CODE_SIGN_STYLE = Automatic;
				DEVELOPMENT_ASSET_PATHS = "\"dayStreak/Preview Content\"";
				ENABLE_PREVIEWS = YES;
				INFOPLIST_FILE = dayStreak/Info.plist;
				LD_RUNPATH_SEARCH_PATHS = (
					"$(inherited)",
					"@executable_path/Frameworks",
				);
				PRODUCT_BUNDLE_IDENTIFIER = Serena.dayStreak;
				PRODUCT_NAME = "$(TARGET_NAME)";
				SWIFT_VERSION = 5.0;
				TARGETED_DEVICE_FAMILY = "1,2";
			};
			name = Debug;
		};
		890B48672520AD8E0037D2F4 /* Release */ = {
			isa = XCBuildConfiguration;
			buildSettings = {
				ASSETCATALOG_COMPILER_APPICON_NAME = AppIcon;
				CODE_SIGN_STYLE = Automatic;
				DEVELOPMENT_ASSET_PATHS = "\"dayStreak/Preview Content\"";
				ENABLE_PREVIEWS = YES;
				INFOPLIST_FILE = dayStreak/Info.plist;
				LD_RUNPATH_SEARCH_PATHS = (
					"$(inherited)",
					"@executable_path/Frameworks",
				);
				PRODUCT_BUNDLE_IDENTIFIER = Serena.dayStreak;
				PRODUCT_NAME = "$(TARGET_NAME)";
				SWIFT_VERSION = 5.0;
				TARGETED_DEVICE_FAMILY = "1,2";
			};
			name = Release;
		};
		890B48692520AD8E0037D2F4 /* Debug */ = {
			isa = XCBuildConfiguration;
			buildSettings = {
				ALWAYS_EMBED_SWIFT_STANDARD_LIBRARIES = YES;
				BUNDLE_LOADER = "$(TEST_HOST)";
				CODE_SIGN_STYLE = Automatic;
				INFOPLIST_FILE = dayStreakTests/Info.plist;
				IPHONEOS_DEPLOYMENT_TARGET = 13.5;
				LD_RUNPATH_SEARCH_PATHS = (
					"$(inherited)",
					"@executable_path/Frameworks",
					"@loader_path/Frameworks",
				);
				PRODUCT_BUNDLE_IDENTIFIER = Serena.dayStreakTests;
				PRODUCT_NAME = "$(TARGET_NAME)";
				SWIFT_VERSION = 5.0;
				TARGETED_DEVICE_FAMILY = "1,2";
				TEST_HOST = "$(BUILT_PRODUCTS_DIR)/dayStreak.app/dayStreak";
			};
			name = Debug;
		};
		890B486A2520AD8E0037D2F4 /* Release */ = {
			isa = XCBuildConfiguration;
			buildSettings = {
				ALWAYS_EMBED_SWIFT_STANDARD_LIBRARIES = YES;
				BUNDLE_LOADER = "$(TEST_HOST)";
				CODE_SIGN_STYLE = Automatic;
				INFOPLIST_FILE = dayStreakTests/Info.plist;
				IPHONEOS_DEPLOYMENT_TARGET = 13.5;
				LD_RUNPATH_SEARCH_PATHS = (
					"$(inherited)",
					"@executable_path/Frameworks",
					"@loader_path/Frameworks",
				);
				PRODUCT_BUNDLE_IDENTIFIER = Serena.dayStreakTests;
				PRODUCT_NAME = "$(TARGET_NAME)";
				SWIFT_VERSION = 5.0;
				TARGETED_DEVICE_FAMILY = "1,2";
				TEST_HOST = "$(BUILT_PRODUCTS_DIR)/dayStreak.app/dayStreak";
			};
			name = Release;
		};
		890B486C2520AD8E0037D2F4 /* Debug */ = {
			isa = XCBuildConfiguration;
			buildSettings = {
				ALWAYS_EMBED_SWIFT_STANDARD_LIBRARIES = YES;
				CODE_SIGN_STYLE = Automatic;
				INFOPLIST_FILE = dayStreakUITests/Info.plist;
				LD_RUNPATH_SEARCH_PATHS = (
					"$(inherited)",
					"@executable_path/Frameworks",
					"@loader_path/Frameworks",
				);
				PRODUCT_BUNDLE_IDENTIFIER = Serena.dayStreakUITests;
				PRODUCT_NAME = "$(TARGET_NAME)";
				SWIFT_VERSION = 5.0;
				TARGETED_DEVICE_FAMILY = "1,2";
				TEST_TARGET_NAME = dayStreak;
			};
			name = Debug;
		};
		890B486D2520AD8E0037D2F4 /* Release */ = {
			isa = XCBuildConfiguration;
			buildSettings = {
				ALWAYS_EMBED_SWIFT_STANDARD_LIBRARIES = YES;
				CODE_SIGN_STYLE = Automatic;
				INFOPLIST_FILE = dayStreakUITests/Info.plist;
				LD_RUNPATH_SEARCH_PATHS = (
					"$(inherited)",
					"@executable_path/Frameworks",
					"@loader_path/Frameworks",
				);
				PRODUCT_BUNDLE_IDENTIFIER = Serena.dayStreakUITests;
				PRODUCT_NAME = "$(TARGET_NAME)";
				SWIFT_VERSION = 5.0;
				TARGETED_DEVICE_FAMILY = "1,2";
				TEST_TARGET_NAME = dayStreak;
			};
			name = Release;
		};
/* End XCBuildConfiguration section */

/* Begin XCConfigurationList section */
		890B48362520AD890037D2F4 /* Build configuration list for PBXProject "dayStreak" */ = {
			isa = XCConfigurationList;
			buildConfigurations = (
				890B48632520AD8E0037D2F4 /* Debug */,
				890B48642520AD8E0037D2F4 /* Release */,
			);
			defaultConfigurationIsVisible = 0;
			defaultConfigurationName = Release;
		};
		890B48652520AD8E0037D2F4 /* Build configuration list for PBXNativeTarget "dayStreak" */ = {
			isa = XCConfigurationList;
			buildConfigurations = (
				890B48662520AD8E0037D2F4 /* Debug */,
				890B48672520AD8E0037D2F4 /* Release */,
			);
			defaultConfigurationIsVisible = 0;
			defaultConfigurationName = Release;
		};
		890B48682520AD8E0037D2F4 /* Build configuration list for PBXNativeTarget "dayStreakTests" */ = {
			isa = XCConfigurationList;
			buildConfigurations = (
				890B48692520AD8E0037D2F4 /* Debug */,
				890B486A2520AD8E0037D2F4 /* Release */,
			);
			defaultConfigurationIsVisible = 0;
			defaultConfigurationName = Release;
		};
		890B486B2520AD8E0037D2F4 /* Build configuration list for PBXNativeTarget "dayStreakUITests" */ = {
			isa = XCConfigurationList;
			buildConfigurations = (
				890B486C2520AD8E0037D2F4 /* Debug */,
				890B486D2520AD8E0037D2F4 /* Release */,
			);
			defaultConfigurationIsVisible = 0;
			defaultConfigurationName = Release;
		};
/* End XCConfigurationList section */
	};
	rootObject = 890B48332520AD890037D2F4 /* Project object */;
}
